PODS:
  - connectivity (0.0.1):
    - Flutter
    - Reachability
  - Flutter (1.0.0)
  - flutter_core (0.0.1):
    - Flutter
  - Reachability (3.2)

DEPENDENCIES:
  - connectivity (from `.symlinks/plugins/connectivity/ios`)
  - Flutter (from `Flutter`)
  - flutter_core (from `.symlinks/plugins/flutter_core/ios`)

SPEC REPOS:
  trunk:
    - Reachability

EXTERNAL SOURCES:
  connectivity:
    :path: ".symlinks/plugins/connectivity/ios"
  Flutter:
    :path: Flutter
  flutter_core:
    :path: ".symlinks/plugins/flutter_core/ios"

SPEC CHECKSUMS:
  connectivity: c4130b2985d4ef6fd26f9702e886bd5260681467
  Flutter: 434fef37c0980e73bb6479ef766c45957d4b510c
  flutter_core: 53b36b1c2921ab0e235c35d75c3805ddb92d91ac
  Reachability: 33e18b67625424e47b6cde6d202dce689ad7af96

PODFILE CHECKSUM: a1a14ba2a7e8a402c9130633ec30a044a85a3609

COCOAPODS: 1.10.1
